// !$*UTF8*$!
{
	archiveVersion = 1;
	classes = {
	};
	objectVersion = 55;
	objects = {

/* Begin PBXBuildFile section */
		2443EFD7294382DE00CABAAB /* AppDelegate.swift in Sources */ = {isa = PBXBuildFile; fileRef = 2443EFD6294382DE00CABAAB /* AppDelegate.swift */; };
		2443EFD9294382DE00CABAAB /* SceneDelegate.swift in Sources */ = {isa = PBXBuildFile; fileRef = 2443EFD8294382DE00CABAAB /* SceneDelegate.swift */; };
		2443EFDB294382DE00CABAAB /* ViewController.swift in Sources */ = {isa = PBXBuildFile; fileRef = 2443EFDA294382DE00CABAAB /* ViewController.swift */; };
		2443EFDE294382DE00CABAAB /* Main.storyboard in Resources */ = {isa = PBXBuildFile; fileRef = 2443EFDC294382DE00CABAAB /* Main.storyboard */; };
		2443EFE0294382E000CABAAB /* Assets.xcassets in Resources */ = {isa = PBXBuildFile; fileRef = 2443EFDF294382E000CABAAB /* Assets.xcassets */; };
		2443EFE3294382E000CABAAB /* LaunchScreen.storyboard in Resources */ = {isa = PBXBuildFile; fileRef = 2443EFE1294382E000CABAAB /* LaunchScreen.storyboard */; };
		2474B50C2965A9C300CF99A6 /* APIClient.swift in Sources */ = {isa = PBXBuildFile; fileRef = 2474B50B2965A9C300CF99A6 /* APIClient.swift */; };
		2474B50E2965A9E300CF99A6 /* PokemonAPIClient.swift in Sources */ = {isa = PBXBuildFile; fileRef = 2474B50D2965A9E300CF99A6 /* PokemonAPIClient.swift */; };
		2474B5112965AA0E00CF99A6 /* Pokemon.swift.swift in Sources */ = {isa = PBXBuildFile; fileRef = 2474B5102965AA0E00CF99A6 /* Pokemon.swift.swift */; };
		2474B5142965AA8F00CF99A6 /* ApiCallError.swift in Sources */ = {isa = PBXBuildFile; fileRef = 2474B5132965AA8F00CF99A6 /* ApiCallError.swift */; };
		2474B5192965ADB000CF99A6 /* ImageManager.swift in Sources */ = {isa = PBXBuildFile; fileRef = 2474B5182965ADB000CF99A6 /* ImageManager.swift */; };
		2474B51B2966FCB800CF99A6 /* SDWebImage.framework in Frameworks */ = {isa = PBXBuildFile; fileRef = 2474B51A2966FCB800CF99A6 /* SDWebImage.framework */; };
		2474B52329671A5600CF99A6 /* PokemonDetailViewController.swift in Sources */ = {isa = PBXBuildFile; fileRef = 2474B52229671A5600CF99A6 /* PokemonDetailViewController.swift */; };
		528D7A89F728876D5E38BB8C /* Pods_PokemonSample.framework in Frameworks */ = {isa = PBXBuildFile; fileRef = 45A1E9FE7314EAFD1C5329F3 /* Pods_PokemonSample.framework */; };
/* End PBXBuildFile section */

/* Begin PBXFileReference section */
		2443EFD3294382DE00CABAAB /* PokemonSample.app */ = {isa = PBXFileReference; explicitFileType = wrapper.application; includeInIndex = 0; path = PokemonSample.app; sourceTree = BUILT_PRODUCTS_DIR; };
		2443EFD6294382DE00CABAAB /* AppDelegate.swift */ = {isa = PBXFileReference; lastKnownFileType = sourcecode.swift; path = AppDelegate.swift; sourceTree = "<group>"; };
		2443EFD8294382DE00CABAAB /* SceneDelegate.swift */ = {isa = PBXFileReference; lastKnownFileType = sourcecode.swift; path = SceneDelegate.swift; sourceTree = "<group>"; };
		2443EFDA294382DE00CABAAB /* ViewController.swift */ = {isa = PBXFileReference; lastKnownFileType = sourcecode.swift; path = ViewController.swift; sourceTree = "<group>"; };
		2443EFDD294382DE00CABAAB /* Base */ = {isa = PBXFileReference; lastKnownFileType = file.storyboard; name = Base; path = Base.lproj/Main.storyboard; sourceTree = "<group>"; };
		2443EFDF294382E000CABAAB /* Assets.xcassets */ = {isa = PBXFileReference; lastKnownFileType = folder.assetcatalog; path = Assets.xcassets; sourceTree = "<group>"; };
		2443EFE2294382E000CABAAB /* Base */ = {isa = PBXFileReference; lastKnownFileType = file.storyboard; name = Base; path = Base.lproj/LaunchScreen.storyboard; sourceTree = "<group>"; };
		2443EFE4294382E000CABAAB /* Info.plist */ = {isa = PBXFileReference; lastKnownFileType = text.plist.xml; path = Info.plist; sourceTree = "<group>"; };
		2474B50B2965A9C300CF99A6 /* APIClient.swift */ = {isa = PBXFileReference; lastKnownFileType = sourcecode.swift; path = APIClient.swift; sourceTree = "<group>"; };
		2474B50D2965A9E300CF99A6 /* PokemonAPIClient.swift */ = {isa = PBXFileReference; lastKnownFileType = sourcecode.swift; path = PokemonAPIClient.swift; sourceTree = "<group>"; };
		2474B5102965AA0E00CF99A6 /* Pokemon.swift.swift */ = {isa = PBXFileReference; lastKnownFileType = sourcecode.swift; path = Pokemon.swift.swift; sourceTree = "<group>"; };
		2474B5132965AA8F00CF99A6 /* ApiCallError.swift */ = {isa = PBXFileReference; lastKnownFileType = sourcecode.swift; path = ApiCallError.swift; sourceTree = "<group>"; };
		2474B5182965ADB000CF99A6 /* ImageManager.swift */ = {isa = PBXFileReference; lastKnownFileType = sourcecode.swift; path = ImageManager.swift; sourceTree = "<group>"; };
		2474B51A2966FCB800CF99A6 /* SDWebImage.framework */ = {isa = PBXFileReference; explicitFileType = wrapper.framework; path = SDWebImage.framework; sourceTree = BUILT_PRODUCTS_DIR; };
		2474B52229671A5600CF99A6 /* PokemonDetailViewController.swift */ = {isa = PBXFileReference; lastKnownFileType = sourcecode.swift; path = PokemonDetailViewController.swift; sourceTree = "<group>"; };
		27F5DF250D99E720C6133B88 /* Pods-PokemonSample.debug.xcconfig */ = {isa = PBXFileReference; includeInIndex = 1; lastKnownFileType = text.xcconfig; name = "Pods-PokemonSample.debug.xcconfig"; path = "Target Support Files/Pods-PokemonSample/Pods-PokemonSample.debug.xcconfig"; sourceTree = "<group>"; };
		45A1E9FE7314EAFD1C5329F3 /* Pods_PokemonSample.framework */ = {isa = PBXFileReference; explicitFileType = wrapper.framework; includeInIndex = 0; path = Pods_PokemonSample.framework; sourceTree = BUILT_PRODUCTS_DIR; };
		CF5239059F9B7D7DBAB6C3AB /* Pods-PokemonSample.release.xcconfig */ = {isa = PBXFileReference; includeInIndex = 1; lastKnownFileType = text.xcconfig; name = "Pods-PokemonSample.release.xcconfig"; path = "Target Support Files/Pods-PokemonSample/Pods-PokemonSample.release.xcconfig"; sourceTree = "<group>"; };
/* End PBXFileReference section */

/* Begin PBXFrameworksBuildPhase section */
		2443EFD0294382DE00CABAAB /* Frameworks */ = {
			isa = PBXFrameworksBuildPhase;
			buildActionMask = 2147483647;
			files = (
				2474B51B2966FCB800CF99A6 /* SDWebImage.framework in Frameworks */,
				528D7A89F728876D5E38BB8C /* Pods_PokemonSample.framework in Frameworks */,
			);
			runOnlyForDeploymentPostprocessing = 0;
		};
/* End PBXFrameworksBuildPhase section */

/* Begin PBXGroup section */
		00C64322067BA4FCB54A8E0C /* Frameworks */ = {
			isa = PBXGroup;
			children = (
				2474B51A2966FCB800CF99A6 /* SDWebImage.framework */,
				45A1E9FE7314EAFD1C5329F3 /* Pods_PokemonSample.framework */,
			);
			name = Frameworks;
			sourceTree = "<group>";
		};
		2443EFCA294382DE00CABAAB = {
			isa = PBXGroup;
			children = (
				2443EFD5294382DE00CABAAB /* PokemonSample */,
				2443EFD4294382DE00CABAAB /* Products */,
				FF30D7BCDFDA2C3A7BE9C8E4 /* Pods */,
				00C64322067BA4FCB54A8E0C /* Frameworks */,
			);
			sourceTree = "<group>";
		};
		2443EFD4294382DE00CABAAB /* Products */ = {
			isa = PBXGroup;
			children = (
				2443EFD3294382DE00CABAAB /* PokemonSample.app */,
			);
			name = Products;
			sourceTree = "<group>";
		};
		2443EFD5294382DE00CABAAB /* PokemonSample */ = {
			isa = PBXGroup;
			children = (
				2474B52129671A4400CF99A6 /* PokemonDetail */,
				2474B5152965AD7900CF99A6 /* Helpers */,
				2474B5122965AA7F00CF99A6 /* Errors */,
				2474B50F2965AA0600CF99A6 /* Model */,
				2474B50A2965A9AB00CF99A6 /* API */,
				2443EFEA2943843700CABAAB /* Application */,
				2443EFD8294382DE00CABAAB /* SceneDelegate.swift */,
				2443EFDA294382DE00CABAAB /* ViewController.swift */,
				2443EFDC294382DE00CABAAB /* Main.storyboard */,
				2443EFDF294382E000CABAAB /* Assets.xcassets */,
				2443EFE1294382E000CABAAB /* LaunchScreen.storyboard */,
				2443EFE4294382E000CABAAB /* Info.plist */,
			);
			path = PokemonSample;
			sourceTree = "<group>";
		};
		2443EFEA2943843700CABAAB /* Application */ = {
			isa = PBXGroup;
			children = (
				2443EFD6294382DE00CABAAB /* AppDelegate.swift */,
			);
			path = Application;
			sourceTree = "<group>";
		};
		2474B50A2965A9AB00CF99A6 /* API */ = {
			isa = PBXGroup;
			children = (
				2474B50B2965A9C300CF99A6 /* APIClient.swift */,
				2474B50D2965A9E300CF99A6 /* PokemonAPIClient.swift */,
			);
			path = API;
			sourceTree = "<group>";
		};
		2474B50F2965AA0600CF99A6 /* Model */ = {
			isa = PBXGroup;
			children = (
				2474B5102965AA0E00CF99A6 /* Pokemon.swift.swift */,
			);
			path = Model;
			sourceTree = "<group>";
		};
		2474B5122965AA7F00CF99A6 /* Errors */ = {
			isa = PBXGroup;
			children = (
				2474B5132965AA8F00CF99A6 /* ApiCallError.swift */,
			);
			path = Errors;
			sourceTree = "<group>";
		};
		2474B5152965AD7900CF99A6 /* Helpers */ = {
			isa = PBXGroup;
			children = (
				2474B5182965ADB000CF99A6 /* ImageManager.swift */,
			);
			path = Helpers;
			sourceTree = "<group>";
		};
		2474B52129671A4400CF99A6 /* PokemonDetail */ = {
			isa = PBXGroup;
			children = (
				2474B52229671A5600CF99A6 /* PokemonDetailViewController.swift */,
			);
			path = PokemonDetail;
			sourceTree = "<group>";
		};
		FF30D7BCDFDA2C3A7BE9C8E4 /* Pods */ = {
			isa = PBXGroup;
			children = (
				27F5DF250D99E720C6133B88 /* Pods-PokemonSample.debug.xcconfig */,
				CF5239059F9B7D7DBAB6C3AB /* Pods-PokemonSample.release.xcconfig */,
			);
			path = Pods;
			sourceTree = "<group>";
		};
/* End PBXGroup section */

/* Begin PBXNativeTarget section */
		2443EFD2294382DE00CABAAB /* PokemonSample */ = {
			isa = PBXNativeTarget;
			buildConfigurationList = 2443EFE7294382E000CABAAB /* Build configuration list for PBXNativeTarget "PokemonSample" */;
			buildPhases = (
				7F381095F7DAE2C25FFCA368 /* [CP] Check Pods Manifest.lock */,
				2443EFCF294382DE00CABAAB /* Sources */,
				2443EFD0294382DE00CABAAB /* Frameworks */,
				2443EFD1294382DE00CABAAB /* Resources */,
				CD6A53935939574EA4995F2D /* [CP] Embed Pods Frameworks */,
			);
			buildRules = (
			);
			dependencies = (
			);
			name = PokemonSample;
			productName = PokemonSample;
			productReference = 2443EFD3294382DE00CABAAB /* PokemonSample.app */;
			productType = "com.apple.product-type.application";
		};
/* End PBXNativeTarget section */

/* Begin PBXProject section */
		2443EFCB294382DE00CABAAB /* Project object */ = {
			isa = PBXProject;
			attributes = {
				BuildIndependentTargetsInParallel = 1;
				LastSwiftUpdateCheck = 1300;
				LastUpgradeCheck = 1300;
				TargetAttributes = {
					2443EFD2294382DE00CABAAB = {
						CreatedOnToolsVersion = 13.0;
					};
				};
			};
			buildConfigurationList = 2443EFCE294382DE00CABAAB /* Build configuration list for PBXProject "PokemonSample" */;
			compatibilityVersion = "Xcode 13.0";
			developmentRegion = en;
			hasScannedForEncodings = 0;
			knownRegions = (
				en,
				Base,
			);
			mainGroup = 2443EFCA294382DE00CABAAB;
			productRefGroup = 2443EFD4294382DE00CABAAB /* Products */;
			projectDirPath = "";
			projectRoot = "";
			targets = (
				2443EFD2294382DE00CABAAB /* PokemonSample */,
			);
		};
/* End PBXProject section */

/* Begin PBXResourcesBuildPhase section */
		2443EFD1294382DE00CABAAB /* Resources */ = {
			isa = PBXResourcesBuildPhase;
			buildActionMask = 2147483647;
			files = (
				2443EFE3294382E000CABAAB /* LaunchScreen.storyboard in Resources */,
				2443EFE0294382E000CABAAB /* Assets.xcassets in Resources */,
				2443EFDE294382DE00CABAAB /* Main.storyboard in Resources */,
			);
			runOnlyForDeploymentPostprocessing = 0;
		};
/* End PBXResourcesBuildPhase section */

/* Begin PBXShellScriptBuildPhase section */
		7F381095F7DAE2C25FFCA368 /* [CP] Check Pods Manifest.lock */ = {
			isa = PBXShellScriptBuildPhase;
			buildActionMask = 2147483647;
			files = (
			);
			inputFileListPaths = (
			);
			inputPaths = (
				"${PODS_PODFILE_DIR_PATH}/Podfile.lock",
				"${PODS_ROOT}/Manifest.lock",
			);
			name = "[CP] Check Pods Manifest.lock";
			outputFileListPaths = (
			);
			outputPaths = (
				"$(DERIVED_FILE_DIR)/Pods-PokemonSample-checkManifestLockResult.txt",
			);
			runOnlyForDeploymentPostprocessing = 0;
			shellPath = /bin/sh;
			shellScript = "diff \"${PODS_PODFILE_DIR_PATH}/Podfile.lock\" \"${PODS_ROOT}/Manifest.lock\" > /dev/null\nif [ $? != 0 ] ; then\n    # print error to STDERR\n    echo \"error: The sandbox is not in sync with the Podfile.lock. Run 'pod install' or update your CocoaPods installation.\" >&2\n    exit 1\nfi\n# This output is used by Xcode 'outputs' to avoid re-running this script phase.\necho \"SUCCESS\" > \"${SCRIPT_OUTPUT_FILE_0}\"\n";
			showEnvVarsInLog = 0;
		};
		CD6A53935939574EA4995F2D /* [CP] Embed Pods Frameworks */ = {
			isa = PBXShellScriptBuildPhase;
			buildActionMask = 2147483647;
			files = (
			);
			inputFileListPaths = (
				"${PODS_ROOT}/Target Support Files/Pods-PokemonSample/Pods-PokemonSample-frameworks-${CONFIGURATION}-input-files.xcfilelist",
			);
			name = "[CP] Embed Pods Frameworks";
			outputFileListPaths = (
				"${PODS_ROOT}/Target Support Files/Pods-PokemonSample/Pods-PokemonSample-frameworks-${CONFIGURATION}-output-files.xcfilelist",
			);
			runOnlyForDeploymentPostprocessing = 0;
			shellPath = /bin/sh;
			shellScript = "\"${PODS_ROOT}/Target Support Files/Pods-PokemonSample/Pods-PokemonSample-frameworks.sh\"\n";
			showEnvVarsInLog = 0;
		};
/* End PBXShellScriptBuildPhase section */

/* Begin PBXSourcesBuildPhase section */
		2443EFCF294382DE00CABAAB /* Sources */ = {
			isa = PBXSourcesBuildPhase;
			buildActionMask = 2147483647;
			files = (
				2474B52329671A5600CF99A6 /* PokemonDetailViewController.swift in Sources */,
				2443EFDB294382DE00CABAAB /* ViewController.swift in Sources */,
				2474B50C2965A9C300CF99A6 /* APIClient.swift in Sources */,
				2443EFD7294382DE00CABAAB /* AppDelegate.swift in Sources */,
				2474B5192965ADB000CF99A6 /* ImageManager.swift in Sources */,
				2474B50E2965A9E300CF99A6 /* PokemonAPIClient.swift in Sources */,
				2443EFD9294382DE00CABAAB /* SceneDelegate.swift in Sources */,
				2474B5112965AA0E00CF99A6 /* Pokemon.swift.swift in Sources */,
				2474B5142965AA8F00CF99A6 /* ApiCallError.swift in Sources */,
			);
			runOnlyForDeploymentPostprocessing = 0;
		};
/* End PBXSourcesBuildPhase section */

/* Begin PBXVariantGroup section */
		2443EFDC294382DE00CABAAB /* Main.storyboard */ = {
			isa = PBXVariantGroup;
			children = (
				2443EFDD294382DE00CABAAB /* Base */,
			);
			name = Main.storyboard;
			sourceTree = "<group>";
		};
		2443EFE1294382E000CABAAB /* LaunchScreen.storyboard */ = {
			isa = PBXVariantGroup;
			children = (
				2443EFE2294382E000CABAAB /* Base */,
			);
			name = LaunchScreen.storyboard;
			sourceTree = "<group>";
		};
/* End PBXVariantGroup section */

/* Begin XCBuildConfiguration section */
		2443EFE5294382E000CABAAB /* Debug */ = {
			isa = XCBuildConfiguration;
			buildSettings = {
				ALWAYS_SEARCH_USER_PATHS = NO;
				CLANG_ANALYZER_NONNULL = YES;
				CLANG_ANALYZER_NUMBER_OBJECT_CONVERSION = YES_AGGRESSIVE;
				CLANG_CXX_LANGUAGE_STANDARD = "gnu++17";
				CLANG_CXX_LIBRARY = "libc++";
				CLANG_ENABLE_MODULES = YES;
				CLANG_ENABLE_OBJC_ARC = YES;
				CLANG_ENABLE_OBJC_WEAK = YES;
				CLANG_WARN_BLOCK_CAPTURE_AUTORELEASING = YES;
				CLANG_WARN_BOOL_CONVERSION = YES;
				CLANG_WARN_COMMA = YES;
				CLANG_WARN_CONSTANT_CONVERSION = YES;
				CLANG_WARN_DEPRECATED_OBJC_IMPLEMENTATIONS = YES;
				CLANG_WARN_DIRECT_OBJC_ISA_USAGE = YES_ERROR;
				CLANG_WARN_DOCUMENTATION_COMMENTS = YES;
				CLANG_WARN_EMPTY_BODY = YES;
				CLANG_WARN_ENUM_CONVERSION = YES;
				CLANG_WARN_INFINITE_RECURSION = YES;
				CLANG_WARN_INT_CONVERSION = YES;
				CLANG_WARN_NON_LITERAL_NULL_CONVERSION = YES;
				CLANG_WARN_OBJC_IMPLICIT_RETAIN_SELF = YES;
				CLANG_WARN_OBJC_LITERAL_CONVERSION = YES;
				CLANG_WARN_OBJC_ROOT_CLASS = YES_ERROR;
				CLANG_WARN_QUOTED_INCLUDE_IN_FRAMEWORK_HEADER = YES;
				CLANG_WARN_RANGE_LOOP_ANALYSIS = YES;
				CLANG_WARN_STRICT_PROTOTYPES = YES;
				CLANG_WARN_SUSPICIOUS_MOVE = YES;
				CLANG_WARN_UNGUARDED_AVAILABILITY = YES_AGGRESSIVE;
				CLANG_WARN_UNREACHABLE_CODE = YES;
				CLANG_WARN__DUPLICATE_METHOD_MATCH = YES;
				COPY_PHASE_STRIP = NO;
				DEBUG_INFORMATION_FORMAT = dwarf;
				ENABLE_STRICT_OBJC_MSGSEND = YES;
				ENABLE_TESTABILITY = YES;
				GCC_C_LANGUAGE_STANDARD = gnu11;
				GCC_DYNAMIC_NO_PIC = NO;
				GCC_NO_COMMON_BLOCKS = YES;
				GCC_OPTIMIZATION_LEVEL = 0;
				GCC_PREPROCESSOR_DEFINITIONS = (
					"DEBUG=1",
					"$(inherited)",
				);
				GCC_WARN_64_TO_32_BIT_CONVERSION = YES;
				GCC_WARN_ABOUT_RETURN_TYPE = YES_ERROR;
				GCC_WARN_UNDECLARED_SELECTOR = YES;
				GCC_WARN_UNINITIALIZED_AUTOS = YES_AGGRESSIVE;
				GCC_WARN_UNUSED_FUNCTION = YES;
				GCC_WARN_UNUSED_VARIABLE = YES;
				IPHONEOS_DEPLOYMENT_TARGET = 15.0;
				MTL_ENABLE_DEBUG_INFO = INCLUDE_SOURCE;
				MTL_FAST_MATH = YES;
				ONLY_ACTIVE_ARCH = YES;
				SDKROOT = iphoneos;
				SWIFT_ACTIVE_COMPILATION_CONDITIONS = DEBUG;
				SWIFT_OPTIMIZATION_LEVEL = "-Onone";
			};
			name = Debug;
		};
		2443EFE6294382E000CABAAB /* Release */ = {
			isa = XCBuildConfiguration;
			buildSettings = {
				ALWAYS_SEARCH_USER_PATHS = NO;
				CLANG_ANALYZER_NONNULL = YES;
				CLANG_ANALYZER_NUMBER_OBJECT_CONVERSION = YES_AGGRESSIVE;
				CLANG_CXX_LANGUAGE_STANDARD = "gnu++17";
				CLANG_CXX_LIBRARY = "libc++";
				CLANG_ENABLE_MODULES = YES;
				CLANG_ENABLE_OBJC_ARC = YES;
				CLANG_ENABLE_OBJC_WEAK = YES;
				CLANG_WARN_BLOCK_CAPTURE_AUTORELEASING = YES;
				CLANG_WARN_BOOL_CONVERSION = YES;
				CLANG_WARN_COMMA = YES;
				CLANG_WARN_CONSTANT_CONVERSION = YES;
				CLANG_WARN_DEPRECATED_OBJC_IMPLEMENTATIONS = YES;
				CLANG_WARN_DIRECT_OBJC_ISA_USAGE = YES_ERROR;
				CLANG_WARN_DOCUMENTATION_COMMENTS = YES;
				CLANG_WARN_EMPTY_BODY = YES;
				CLANG_WARN_ENUM_CONVERSION = YES;
				CLANG_WARN_INFINITE_RECURSION = YES;
				CLANG_WARN_INT_CONVERSION = YES;
				CLANG_WARN_NON_LITERAL_NULL_CONVERSION = YES;
				CLANG_WARN_OBJC_IMPLICIT_RETAIN_SELF = YES;
				CLANG_WARN_OBJC_LITERAL_CONVERSION = YES;
				CLANG_WARN_OBJC_ROOT_CLASS = YES_ERROR;
				CLANG_WARN_QUOTED_INCLUDE_IN_FRAMEWORK_HEADER = YES;
				CLANG_WARN_RANGE_LOOP_ANALYSIS = YES;
				CLANG_WARN_STRICT_PROTOTYPES = YES;
				CLANG_WARN_SUSPICIOUS_MOVE = YES;
				CLANG_WARN_UNGUARDED_AVAILABILITY = YES_AGGRESSIVE;
				CLANG_WARN_UNREACHABLE_CODE = YES;
				CLANG_WARN__DUPLICATE_METHOD_MATCH = YES;
				COPY_PHASE_STRIP = NO;
				DEBUG_INFORMATION_FORMAT = "dwarf-with-dsym";
				ENABLE_NS_ASSERTIONS = NO;
				ENABLE_STRICT_OBJC_MSGSEND = YES;
				GCC_C_LANGUAGE_STANDARD = gnu11;
				GCC_NO_COMMON_BLOCKS = YES;
				GCC_WARN_64_TO_32_BIT_CONVERSION = YES;
				GCC_WARN_ABOUT_RETURN_TYPE = YES_ERROR;
				GCC_WARN_UNDECLARED_SELECTOR = YES;
				GCC_WARN_UNINITIALIZED_AUTOS = YES_AGGRESSIVE;
				GCC_WARN_UNUSED_FUNCTION = YES;
				GCC_WARN_UNUSED_VARIABLE = YES;
				IPHONEOS_DEPLOYMENT_TARGET = 15.0;
				MTL_ENABLE_DEBUG_INFO = NO;
				MTL_FAST_MATH = YES;
				SDKROOT = iphoneos;
				SWIFT_COMPILATION_MODE = wholemodule;
				SWIFT_OPTIMIZATION_LEVEL = "-O";
				VALIDATE_PRODUCT = YES;
			};
			name = Release;
		};
		2443EFE8294382E000CABAAB /* Debug */ = {
			isa = XCBuildConfiguration;
			baseConfigurationReference = 27F5DF250D99E720C6133B88 /* Pods-PokemonSample.debug.xcconfig */;
			buildSettings = {
				ASSETCATALOG_COMPILER_APPICON_NAME = AppIcon;
				ASSETCATALOG_COMPILER_GLOBAL_ACCENT_COLOR_NAME = AccentColor;
				CODE_SIGN_STYLE = Automatic;
				CURRENT_PROJECT_VERSION = 1;
				GENERATE_INFOPLIST_FILE = YES;
				INFOPLIST_FILE = PokemonSample/Info.plist;
				INFOPLIST_KEY_UIApplicationSupportsIndirectInputEvents = YES;
				INFOPLIST_KEY_UILaunchStoryboardName = LaunchScreen;
				INFOPLIST_KEY_UIMainStoryboardFile = Main;
				INFOPLIST_KEY_UISupportedInterfaceOrientations_iPad = "UIInterfaceOrientationPortrait UIInterfaceOrientationPortraitUpsideDown UIInterfaceOrientationLandscapeLeft UIInterfaceOrientationLandscapeRight";
				INFOPLIST_KEY_UISupportedInterfaceOrientations_iPhone = "UIInterfaceOrientationPortrait UIInterfaceOrientationLandscapeLeft UIInterfaceOrientationLandscapeRight";
				LD_RUNPATH_SEARCH_PATHS = (
					"$(inherited)",
					"@executable_path/Frameworks",
				);
				MARKETING_VERSION = 1.0;
				PRODUCT_BUNDLE_IDENTIFIER = example.PokemonSample;
				PRODUCT_NAME = "$(TARGET_NAME)";
				SWIFT_EMIT_LOC_STRINGS = YES;
				SWIFT_VERSION = 5.0;
				TARGETED_DEVICE_FAMILY = "1,2";
			};
			name = Debug;
		};
		2443EFE9294382E000CABAAB /* Release */ = {
			isa = XCBuildConfiguration;
			baseConfigurationReference = CF5239059F9B7D7DBAB6C3AB /* Pods-PokemonSample.release.xcconfig */;
			buildSettings = {
				ASSETCATALOG_COMPILER_APPICON_NAME = AppIcon;
				ASSETCATALOG_COMPILER_GLOBAL_ACCENT_COLOR_NAME = AccentColor;
				CODE_SIGN_STYLE = Automatic;
				CURRENT_PROJECT_VERSION = 1;
				GENERATE_INFOPLIST_FILE = YES;
				INFOPLIST_FILE = PokemonSample/Info.plist;
				INFOPLIST_KEY_UIApplicationSupportsIndirectInputEvents = YES;
				INFOPLIST_KEY_UILaunchStoryboardName = LaunchScreen;
				INFOPLIST_KEY_UIMainStoryboardFile = Main;
				INFOPLIST_KEY_UISupportedInterfaceOrientations_iPad = "UIInterfaceOrientationPortrait UIInterfaceOrientationPortraitUpsideDown UIInterfaceOrientationLandscapeLeft UIInterfaceOrientationLandscapeRight";
				INFOPLIST_KEY_UISupportedInterfaceOrientations_iPhone = "UIInterfaceOrientationPortrait UIInterfaceOrientationLandscapeLeft UIInterfaceOrientationLandscapeRight";
				LD_RUNPATH_SEARCH_PATHS = (
					"$(inherited)",
					"@executable_path/Frameworks",
				);
				MARKETING_VERSION = 1.0;
				PRODUCT_BUNDLE_IDENTIFIER = example.PokemonSample;
				PRODUCT_NAME = "$(TARGET_NAME)";
				SWIFT_EMIT_LOC_STRINGS = YES;
				SWIFT_VERSION = 5.0;
				TARGETED_DEVICE_FAMILY = "1,2";
			};
			name = Release;
		};
/* End XCBuildConfiguration section */

/* Begin XCConfigurationList section */
		2443EFCE294382DE00CABAAB /* Build configuration list for PBXProject "PokemonSample" */ = {
			isa = XCConfigurationList;
			buildConfigurations = (
				2443EFE5294382E000CABAAB /* Debug */,
				2443EFE6294382E000CABAAB /* Release */,
			);
			defaultConfigurationIsVisible = 0;
			defaultConfigurationName = Release;
		};
		2443EFE7294382E000CABAAB /* Build configuration list for PBXNativeTarget "PokemonSample" */ = {
			isa = XCConfigurationList;
			buildConfigurations = (
				2443EFE8294382E000CABAAB /* Debug */,
				2443EFE9294382E000CABAAB /* Release */,
			);
			defaultConfigurationIsVisible = 0;
			defaultConfigurationName = Release;
		};
/* End XCConfigurationList section */
	};
	rootObject = 2443EFCB294382DE00CABAAB /* Project object */;
}
